{
  "name": "crdt",
  "version": "3.6.4",
  "lockfileVersion": 1,
  "requires": true,
  "dependencies": {
    "assertions": {
      "version": "2.3.4",
      "resolved": "https://registry.npmjs.org/assertions/-/assertions-2.3.4.tgz",
      "integrity": "sha1-qUM87R/OV8yZmvCWXRAI6WwnluY=",
      "requires": {
        "fomatto": "git://github.com/BonsaiDen/Fomatto.git#468666f600b46f9067e3da7200fd9df428923ea6",
        "render": "0.1.4",
        "traverser": "1.0.0"
      },
      "dependencies": {
        "traverser": {
          "version": "1.0.0",
          "resolved": "https://registry.npmjs.org/traverser/-/traverser-1.0.0.tgz",
          "integrity": "sha1-b1nlgTdZruqzZGuPRRP9SmLk/iA=",
          "requires": {
            "curry": "0.0.4"
          }
        }
      }
    },
    "asynct": {
      "version": "1.1.0",
      "resolved": "https://registry.npmjs.org/asynct/-/asynct-1.1.0.tgz",
      "integrity": "sha1-O7LFB9OhPyAAugWGmhp0DCGICRM=",
      "dev": true,
      "requires": {
        "ctrlflow": "0.0.3",
        "test-cmd": "1.7.0"
      }
    },
    "between": {
      "version": "0.1.3",
      "resolved": "https://registry.npmjs.org/between/-/between-0.1.3.tgz",
      "integrity": "sha1-8qk107kETjzHKnfrD0H4Pgg5/VQ="
    },
    "ctrlflow": {
      "version": "0.0.3",
      "resolved": "https://registry.npmjs.org/ctrlflow/-/ctrlflow-0.0.3.tgz",
      "integrity": "sha1-6WwYCJDcBcKztDc19SmnEpPhOcA=",
      "dev": true,
      "requires": {
        "curry": "0.0.4"
      }
    },
    "curry": {
      "version": "0.0.4",
      "resolved": "https://registry.npmjs.org/curry/-/curry-0.0.4.tgz",
      "integrity": "sha1-F1DVGNkZxE89N/9E7caT3h8NX8s="
    },
    "d-utils": {
      "version": "2.1.1",
      "resolved": "https://registry.npmjs.org/d-utils/-/d-utils-2.1.1.tgz",
      "integrity": "sha1-NZxqACBJUW8ELbnkneMCIE4f7Dw=",
      "dev": true
    },
    "duplex": {
      "version": "1.0.0",
      "resolved": "https://registry.npmjs.org/duplex/-/duplex-1.0.0.tgz",
      "integrity": "sha1-arxcFuwX5MV4V4cnEmcAWQ06Ldo="
    },
    "duplexer": {
      "version": "0.1.1",
      "resolved": "https://registry.npmjs.org/duplexer/-/duplexer-0.1.1.tgz",
      "integrity": "sha1-rOb/gIwc5mtX0ev5eXessCM0z8E=",
      "dev": true
    },
    "event-stream": {
      "version": "3.0.20",
      "resolved": "https://registry.npmjs.org/event-stream/-/event-stream-3.0.20.tgz",
      "integrity": "sha1-A4u7LqnqkDhbJvvBhU0LU58qvqM=",
      "dev": true,
      "requires": {
        "duplexer": "0.1.1",
        "from": "0.1.7",
        "map-stream": "0.0.7",
        "pause-stream": "0.0.11",
        "split": "0.2.10",
        "stream-combiner": "0.0.4",
        "through": "2.3.8"
      }
    },
    "fomatto": {
      "version": "git://github.com/BonsaiDen/Fomatto.git#468666f600b46f9067e3da7200fd9df428923ea6"
    },
    "from": {
      "version": "0.1.7",
      "resolved": "https://registry.npmjs.org/from/-/from-0.1.7.tgz",
      "integrity": "sha1-g8YK/Fi5xWmXAH7Rp2izqzA6RP4=",
      "dev": true
    },
    "it-is": {
      "version": "1.0.3",
      "resolved": "https://registry.npmjs.org/it-is/-/it-is-1.0.3.tgz",
      "integrity": "sha1-RpcAgZg4pGVu1PF2lT9b/PU/SDs=",
      "requires": {
        "assertions": "2.3.4",
        "render": "0.1.4",
        "style": "0.1.1",
        "traverser": "0.0.5",
        "trees": "0.0.4"
      }
    },
    "iterate": {
      "version": "0.1.0",
      "resolved": "https://registry.npmjs.org/iterate/-/iterate-0.1.0.tgz",
      "integrity": "sha1-V3B04Mxzuym1WMxWSCvxbzFqpfA="
    },
    "kv": {
      "version": "0.5.8",
      "resolved": "https://registry.npmjs.org/kv/-/kv-0.5.8.tgz",
      "integrity": "sha1-86ss4vKCNhxKwWgENCVSO0ZkH2g=",
      "dev": true,
      "requires": {
        "event-stream": "2.2.3",
        "mkdirp": "0.3.5",
        "optimist": "0.3.7"
      },
      "dependencies": {
        "duplexer": {
          "version": "0.0.1",
          "resolved": "https://registry.npmjs.org/duplexer/-/duplexer-0.0.1.tgz",
          "integrity": "sha1-A8quBvDxOYehWsiY86g82KlwDaY=",
          "dev": true
        },
        "event-stream": {
          "version": "2.2.3",
          "resolved": "https://registry.npmjs.org/event-stream/-/event-stream-2.2.3.tgz",
          "integrity": "sha1-AlAgWyWZFkkPZ4O0HC5Js/AdQvc=",
          "dev": true,
          "requires": {
            "duplexer": "0.0.1",
            "from": "0.1.7",
            "map-stream": "0.0.1",
            "optimist": "0.2.8",
            "through": "0.0.4"
          },
          "dependencies": {
            "optimist": {
              "version": "0.2.8",
              "resolved": "https://registry.npmjs.org/optimist/-/optimist-0.2.8.tgz",
              "integrity": "sha1-6YGrfiaLRXlIWTtVZ0wJmoFcrDE=",
              "dev": true,
              "requires": {
                "wordwrap": "0.0.3"
              }
            }
          }
        },
        "map-stream": {
          "version": "0.0.1",
          "resolved": "https://registry.npmjs.org/map-stream/-/map-stream-0.0.1.tgz",
          "integrity": "sha1-f9KiVPl+knKqY0cXv8PnPAZir6o=",
          "dev": true
        },
        "optimist": {
          "version": "0.3.7",
          "resolved": "https://registry.npmjs.org/optimist/-/optimist-0.3.7.tgz",
          "integrity": "sha1-yQlBrVnkJzMokjB00s8ufLxuwNk=",
          "dev": true,
          "requires": {
            "wordwrap": "0.0.3"
          }
        },
        "through": {
          "version": "0.0.4",
          "resolved": "https://registry.npmjs.org/through/-/through-0.0.4.tgz",
          "integrity": "sha1-C/Lw//r6rEusvFM2Z+mKrQC1iMg=",
          "dev": true
        }
      }
    },
    "ls-r": {
      "version": "0.2.1",
      "resolved": "https://registry.npmjs.org/ls-r/-/ls-r-0.2.1.tgz",
      "integrity": "sha1-sjmgH6p9QxSIdKZP6xHgrey2b6A=",
      "dev": true,
      "requires": {
        "ctrlflow": "4.1.3",
        "d-utils": "2.3.3",
        "optimist": "0.2.8"
      },
      "dependencies": {
        "ctrlflow": {
          "version": "4.1.3",
          "resolved": "https://registry.npmjs.org/ctrlflow/-/ctrlflow-4.1.3.tgz",
          "integrity": "sha1-MCi+xE8BocET/ZIG/E+ZgjN4QoY=",
          "dev": true,
          "requires": {
            "curry": "0.0.4",
            "d-utils": "1.4.0"
          },
          "dependencies": {
            "d-utils": {
              "version": "1.4.0",
              "resolved": "https://registry.npmjs.org/d-utils/-/d-utils-1.4.0.tgz",
              "integrity": "sha1-RHbSSGduWDLG0Pxp4u0NEMFMn/c=",
              "dev": true
            }
          }
        },
        "d-utils": {
          "version": "2.3.3",
          "resolved": "https://registry.npmjs.org/d-utils/-/d-utils-2.3.3.tgz",
          "integrity": "sha1-utm7TWjxLr1VJvU1UI2D4/skFz0=",
          "dev": true
        }
      }
    },
    "map-stream": {
      "version": "0.0.7",
      "resolved": "https://registry.npmjs.org/map-stream/-/map-stream-0.0.7.tgz",
      "integrity": "sha1-ih8HiW2CsQkmvTdEokIACfiJdKg=",
      "dev": true
    },
    "mkdirp": {
      "version": "0.3.5",
      "resolved": "https://registry.npmjs.org/mkdirp/-/mkdirp-0.3.5.tgz",
      "integrity": "sha1-3j5fiWHIjHh+4TaN+EmsRBPsqNc=",
      "dev": true
    },
    "monotonic-timestamp": {
      "version": "0.0.9",
      "resolved": "https://registry.npmjs.org/monotonic-timestamp/-/monotonic-timestamp-0.0.9.tgz",
      "integrity": "sha1-W6Wtx6rIXh1853voRxYe0kazlgM="
    },
    "mux-demux": {
      "version": "3.2.2",
      "resolved": "https://registry.npmjs.org/mux-demux/-/mux-demux-3.2.2.tgz",
      "integrity": "sha1-ilyawUiXluVlQU6/8yXUHVoPJBU=",
      "dev": true,
      "requires": {
        "event-stream": "3.0.20",
        "stream-serializer": "0.0.0",
        "xtend": "1.0.3"
      },
      "dependencies": {
        "stream-serializer": {
          "version": "0.0.0",
          "resolved": "https://registry.npmjs.org/stream-serializer/-/stream-serializer-0.0.0.tgz",
          "integrity": "sha1-1U/ZxeAqLCXdvz0mx0i65sKTo2g=",
          "dev": true,
          "requires": {
            "event-stream": "3.0.20"
          }
        }
      }
    },
    "optimist": {
      "version": "0.2.8",
      "resolved": "https://registry.npmjs.org/optimist/-/optimist-0.2.8.tgz",
      "integrity": "sha1-6YGrfiaLRXlIWTtVZ0wJmoFcrDE=",
      "dev": true,
      "requires": {
        "wordwrap": "0.0.3"
      }
    },
    "pause-stream": {
      "version": "0.0.11",
      "resolved": "https://registry.npmjs.org/pause-stream/-/pause-stream-0.0.11.tgz",
      "integrity": "sha1-/lo0sMvOErWqaitAPuLnO2AvFEU=",
      "dev": true,
      "requires": {
        "through": "2.3.8"
      }
    },
    "render": {
      "version": "0.1.4",
      "resolved": "https://registry.npmjs.org/render/-/render-0.1.4.tgz",
      "integrity": "sha1-z7M6NOJgaFkdQYRp4j2Mxc4c7/U=",
      "requires": {
        "traverser": "0.0.5"
      }
    },
    "scuttlebutt": {
      "version": "5.6.15",
      "resolved": "https://registry.npmjs.org/scuttlebutt/-/scuttlebutt-5.6.15.tgz",
      "integrity": "sha1-hZmo+lw+uxhn0cXDnqcZ9O1teog=",
      "requires": {
        "duplex": "1.0.0",
        "iterate": "0.1.0",
        "monotonic-timestamp": "0.0.9",
        "stream-serializer": "1.1.2"
      }
    },
    "should": {
      "version": "11.2.1",
      "resolved": "https://registry.npmjs.org/should/-/should-11.2.1.tgz",
      "integrity": "sha1-kPVRRVUtAc/CAGZuToGKHJZw7aI=",
      "requires": {
        "should-equal": "1.0.1",
        "should-format": "3.0.3",
        "should-type": "1.4.0",
        "should-type-adaptors": "1.0.1",
        "should-util": "1.0.0"
      }
    },
    "should-equal": {
      "version": "1.0.1",
      "resolved": "https://registry.npmjs.org/should-equal/-/should-equal-1.0.1.tgz",
      "integrity": "sha1-C26VFvJgGp+wuy3MNpr6HH4gCvc=",
      "requires": {
        "should-type": "1.4.0"
      }
    },
    "should-format": {
      "version": "3.0.3",
      "resolved": "https://registry.npmjs.org/should-format/-/should-format-3.0.3.tgz",
      "integrity": "sha1-m/yPdPo5IFxT04w01xcwPidxJPE=",
      "requires": {
        "should-type": "1.4.0",
        "should-type-adaptors": "1.0.1"
      }
    },
    "should-type": {
      "version": "1.4.0",
      "resolved": "https://registry.npmjs.org/should-type/-/should-type-1.4.0.tgz",
      "integrity": "sha1-B1bYzoRt/QmEOmlHcZ36DUz/XPM="
    },
    "should-type-adaptors": {
      "version": "1.0.1",
      "resolved": "https://registry.npmjs.org/should-type-adaptors/-/should-type-adaptors-1.0.1.tgz",
      "integrity": "sha1-7+VVPN9oz/ZuXF9RtxLcNRx3vqo=",
      "requires": {
        "should-type": "1.4.0",
        "should-util": "1.0.0"
      }
    },
    "should-util": {
      "version": "1.0.0",
      "resolved": "https://registry.npmjs.org/should-util/-/should-util-1.0.0.tgz",
      "integrity": "sha1-yYzaN0qmsZDfi6h8mInCtNtiAGM="
    },
    "split": {
      "version": "0.2.10",
      "resolved": "https://registry.npmjs.org/split/-/split-0.2.10.tgz",
      "integrity": "sha1-Zwl8YB1pfOE2j0GPBs0gHPBSGlc=",
      "dev": true,
      "requires": {
        "through": "2.3.8"
      }
    },
    "stream-combiner": {
      "version": "0.0.4",
      "resolved": "https://registry.npmjs.org/stream-combiner/-/stream-combiner-0.0.4.tgz",
      "integrity": "sha1-TV5DPBhSYd3mI8o/RMWGvPXErRQ=",
      "dev": true,
      "requires": {
        "duplexer": "0.1.1"
      }
    },
    "stream-serializer": {
      "version": "1.1.2",
      "resolved": "https://registry.npmjs.org/stream-serializer/-/stream-serializer-1.1.2.tgz",
      "integrity": "sha1-wfl9FdolH1lK4n1B7IraCahG408="
    },
    "style": {
      "version": "0.1.1",
      "resolved": "https://registry.npmjs.org/style/-/style-0.1.1.tgz",
      "integrity": "sha1-4vq2WxuB0+AOvK2FTMWEuiMfJW0=",
      "requires": {
        "curry": "0.0.4"
      }
    },
    "test-cmd": {
      "version": "1.7.0",
      "resolved": "https://registry.npmjs.org/test-cmd/-/test-cmd-1.7.0.tgz",
      "integrity": "sha1-nldMSfOUcweeLyj+cWF4EtFH4xA=",
      "dev": true,
      "requires": {
        "ctrlflow": "4.1.3",
        "d-utils": "2.1.1",
        "ls-r": "0.2.1",
        "optimist": "0.2.8",
        "test-report": "1.1.2",
        "test-report-view": "1.0.0"
      },
      "dependencies": {
        "ctrlflow": {
          "version": "4.1.3",
          "resolved": "https://registry.npmjs.org/ctrlflow/-/ctrlflow-4.1.3.tgz",
          "integrity": "sha1-MCi+xE8BocET/ZIG/E+ZgjN4QoY=",
          "dev": true,
          "requires": {
            "curry": "0.0.4",
            "d-utils": "1.4.0"
          },
          "dependencies": {
            "d-utils": {
              "version": "1.4.0",
              "resolved": "https://registry.npmjs.org/d-utils/-/d-utils-1.4.0.tgz",
              "integrity": "sha1-RHbSSGduWDLG0Pxp4u0NEMFMn/c=",
              "dev": true
            }
          }
        }
      }
    },
    "test-report": {
      "version": "1.1.2",
      "resolved": "https://registry.npmjs.org/test-report/-/test-report-1.1.2.tgz",
      "integrity": "sha1-nCHcPuk/qpMwTfnl1Zo+ccMBxaQ=",
      "dev": true
    },
    "test-report-view": {
      "version": "1.0.0",
      "resolved": "https://registry.npmjs.org/test-report-view/-/test-report-view-1.0.0.tgz",
      "integrity": "sha1-/Z8/hA/Hsp0/dhNweJ93gFsZ440=",
      "dev": true
    },
    "through": {
      "version": "2.3.8",
      "resolved": "https://registry.npmjs.org/through/-/through-2.3.8.tgz",
      "integrity": "sha1-DdTJ/6q8NXlgsbckEV1+Doai4fU=",
      "dev": true
    },
    "traverser": {
      "version": "0.0.5",
      "resolved": "https://registry.npmjs.org/traverser/-/traverser-0.0.5.tgz",
      "integrity": "sha1-xm84xFagwhqIAUsSI1gMfr4GMes=",
      "requires": {
        "curry": "0.0.4"
      }
    },
    "trees": {
      "version": "0.0.4",
      "resolved": "https://registry.npmjs.org/trees/-/trees-0.0.4.tgz",
      "integrity": "sha1-L1H9m19khvcyyX4R7nVmcja+HVk=",
      "requires": {
        "should": "11.2.1",
        "style": "0.1.1",
        "traverser": "0.0.5"
      }
    },
    "wordwrap": {
      "version": "0.0.3",
      "resolved": "https://registry.npmjs.org/wordwrap/-/wordwrap-0.0.3.tgz",
      "integrity": "sha1-o9XabNXAvAAI03I0u68b7WMFkQc=",
      "dev": true
    },
    "xtend": {
      "version": "1.0.3",
      "resolved": "https://registry.npmjs.org/xtend/-/xtend-1.0.3.tgz",
      "integrity": "sha1-P12Tc1PM7Y4IU5mlY/2yJUHClgo=",
      "dev": true
    }
  }
}
